// !$*UTF8*$!
{
	archiveVersion = 1;
	classes = {
	};
	objectVersion = 46;
	objects = {

/* Begin PBXBuildFile section */
		932C7A891A374D21002CE350 /* main.m in Sources */ = {isa = PBXBuildFile; fileRef = 932C7A881A374D21002CE350 /* main.m */; };
		932C7A8C1A374D21002CE350 /* AppDelegate.m in Sources */ = {isa = PBXBuildFile; fileRef = 932C7A8B1A374D21002CE350 /* AppDelegate.m */; };
		932C7A941A374D21002CE350 /* Images.xcassets in Resources */ = {isa = PBXBuildFile; fileRef = 932C7A931A374D21002CE350 /* Images.xcassets */; };
		932C7AA31A374D22002CE350 /* MACustomShapeViewTests.m in Sources */ = {isa = PBXBuildFile; fileRef = 932C7AA21A374D22002CE350 /* MACustomShapeViewTests.m */; };
		93BAB1261A3CA0A60035AFD8 /* MAPuzzleShapeView.m in Sources */ = {isa = PBXBuildFile; fileRef = 93BAB1251A3CA0A60035AFD8 /* MAPuzzleShapeView.m */; };
		93BAB1291A3CA0B10035AFD8 /* MADemoViewController.m in Sources */ = {isa = PBXBuildFile; fileRef = 93BAB1281A3CA0B10035AFD8 /* MADemoViewController.m */; };
/* End PBXBuildFile section */

/* Begin PBXContainerItemProxy section */
		932C7A9D1A374D22002CE350 /* PBXContainerItemProxy */ = {
			isa = PBXContainerItemProxy;
			containerPortal = 932C7A7B1A374D21002CE350 /* Project object */;
			proxyType = 1;
			remoteGlobalIDString = 932C7A821A374D21002CE350;
			remoteInfo = MACustomShapeView;
		};
/* End PBXContainerItemProxy section */

/* Begin PBXFileReference section */
		932C7A831A374D21002CE350 /* MACustomShapeView.app */ = {isa = PBXFileReference; explicitFileType = wrapper.application; includeInIndex = 0; path = MACustomShapeView.app; sourceTree = BUILT_PRODUCTS_DIR; };
		932C7A871A374D21002CE350 /* Info.plist */ = {isa = PBXFileReference; lastKnownFileType = text.plist.xml; path = Info.plist; sourceTree = "<group>"; };
		932C7A881A374D21002CE350 /* main.m */ = {isa = PBXFileReference; lastKnownFileType = sourcecode.c.objc; path = main.m; sourceTree = "<group>"; };
		932C7A8A1A374D21002CE350 /* AppDelegate.h */ = {isa = PBXFileReference; lastKnownFileType = sourcecode.c.h; path = AppDelegate.h; sourceTree = "<group>"; };
		932C7A8B1A374D21002CE350 /* AppDelegate.m */ = {isa = PBXFileReference; lastKnownFileType = sourcecode.c.objc; path = AppDelegate.m; sourceTree = "<group>"; };
		932C7A931A374D21002CE350 /* Images.xcassets */ = {isa = PBXFileReference; lastKnownFileType = folder.assetcatalog; path = Images.xcassets; sourceTree = "<group>"; };
		932C7A9C1A374D22002CE350 /* MACustomShapeViewTests.xctest */ = {isa = PBXFileReference; explicitFileType = wrapper.cfbundle; includeInIndex = 0; path = MACustomShapeViewTests.xctest; sourceTree = BUILT_PRODUCTS_DIR; };
		932C7AA11A374D22002CE350 /* Info.plist */ = {isa = PBXFileReference; lastKnownFileType = text.plist.xml; path = Info.plist; sourceTree = "<group>"; };
		932C7AA21A374D22002CE350 /* MACustomShapeViewTests.m */ = {isa = PBXFileReference; lastKnownFileType = sourcecode.c.objc; path = MACustomShapeViewTests.m; sourceTree = "<group>"; };
		932C7AAC1A374D83002CE350 /* MACustomShapeView-prefix.pch */ = {isa = PBXFileReference; fileEncoding = 4; lastKnownFileType = sourcecode.c.h; path = "MACustomShapeView-prefix.pch"; sourceTree = "<group>"; };
		93BAB1241A3CA0A60035AFD8 /* MAPuzzleShapeView.h */ = {isa = PBXFileReference; fileEncoding = 4; lastKnownFileType = sourcecode.c.h; name = MAPuzzleShapeView.h; path = Classes/MAPuzzleShapeView/MAPuzzleShapeView.h; sourceTree = "<group>"; };
		93BAB1251A3CA0A60035AFD8 /* MAPuzzleShapeView.m */ = {isa = PBXFileReference; fileEncoding = 4; lastKnownFileType = sourcecode.c.objc; name = MAPuzzleShapeView.m; path = Classes/MAPuzzleShapeView/MAPuzzleShapeView.m; sourceTree = "<group>"; };
		93BAB1271A3CA0B10035AFD8 /* MADemoViewController.h */ = {isa = PBXFileReference; fileEncoding = 4; lastKnownFileType = sourcecode.c.h; name = MADemoViewController.h; path = Classes/Demo/MADemoViewController.h; sourceTree = "<group>"; };
		93BAB1281A3CA0B10035AFD8 /* MADemoViewController.m */ = {isa = PBXFileReference; fileEncoding = 4; lastKnownFileType = sourcecode.c.objc; name = MADemoViewController.m; path = Classes/Demo/MADemoViewController.m; sourceTree = "<group>"; };
/* End PBXFileReference section */

/* Begin PBXFrameworksBuildPhase section */
		932C7A801A374D21002CE350 /* Frameworks */ = {
			isa = PBXFrameworksBuildPhase;
			buildActionMask = 2147483647;
			files = (
			);
			runOnlyForDeploymentPostprocessing = 0;
		};
		932C7A991A374D22002CE350 /* Frameworks */ = {
			isa = PBXFrameworksBuildPhase;
			buildActionMask = 2147483647;
			files = (
			);
			runOnlyForDeploymentPostprocessing = 0;
		};
/* End PBXFrameworksBuildPhase section */

/* Begin PBXGroup section */
		932C7A7A1A374D21002CE350 = {
			isa = PBXGroup;
			children = (
				932C7A851A374D21002CE350 /* MACustomShapeView */,
				932C7A9F1A374D22002CE350 /* MACustomShapeViewTests */,
				932C7A841A374D21002CE350 /* Products */,
			);
			sourceTree = "<group>";
		};
		932C7A841A374D21002CE350 /* Products */ = {
			isa = PBXGroup;
			children = (
				932C7A831A374D21002CE350 /* MACustomShapeView.app */,
				932C7A9C1A374D22002CE350 /* MACustomShapeViewTests.xctest */,
			);
			name = Products;
			sourceTree = "<group>";
		};
		932C7A851A374D21002CE350 /* MACustomShapeView */ = {
			isa = PBXGroup;
			children = (
				932C7A8A1A374D21002CE350 /* AppDelegate.h */,
				932C7A8B1A374D21002CE350 /* AppDelegate.m */,
				932C7AB01A374E0E002CE350 /* MAPuzzleShapeView */,
				93BAB11D1A3C9E570035AFD8 /* Demo */,
				932C7A931A374D21002CE350 /* Images.xcassets */,
				932C7A861A374D21002CE350 /* Supporting Files */,
			);
			path = MACustomShapeView;
			sourceTree = "<group>";
		};
		932C7A861A374D21002CE350 /* Supporting Files */ = {
			isa = PBXGroup;
			children = (
				932C7A871A374D21002CE350 /* Info.plist */,
				932C7A881A374D21002CE350 /* main.m */,
				932C7AAC1A374D83002CE350 /* MACustomShapeView-prefix.pch */,
			);
			name = "Supporting Files";
			sourceTree = "<group>";
		};
		932C7A9F1A374D22002CE350 /* MACustomShapeViewTests */ = {
			isa = PBXGroup;
			children = (
				932C7AA21A374D22002CE350 /* MACustomShapeViewTests.m */,
				932C7AA01A374D22002CE350 /* Supporting Files */,
			);
			path = MACustomShapeViewTests;
			sourceTree = "<group>";
		};
		932C7AA01A374D22002CE350 /* Supporting Files */ = {
			isa = PBXGroup;
			children = (
				932C7AA11A374D22002CE350 /* Info.plist */,
			);
			name = "Supporting Files";
			sourceTree = "<group>";
		};
		932C7AB01A374E0E002CE350 /* MAPuzzleShapeView */ = {
			isa = PBXGroup;
			children = (
				93BAB1241A3CA0A60035AFD8 /* MAPuzzleShapeView.h */,
				93BAB1251A3CA0A60035AFD8 /* MAPuzzleShapeView.m */,
			);
			name = MAPuzzleShapeView;
			sourceTree = "<group>";
		};
		93BAB11D1A3C9E570035AFD8 /* Demo */ = {
			isa = PBXGroup;
			children = (
				93BAB1271A3CA0B10035AFD8 /* MADemoViewController.h */,
				93BAB1281A3CA0B10035AFD8 /* MADemoViewController.m */,
			);
			name = Demo;
			sourceTree = "<group>";
		};
/* End PBXGroup section */

/* Begin PBXNativeTarget section */
		932C7A821A374D21002CE350 /* MACustomShapeView */ = {
			isa = PBXNativeTarget;
			buildConfigurationList = 932C7AA61A374D22002CE350 /* Build configuration list for PBXNativeTarget "MACustomShapeView" */;
			buildPhases = (
				932C7A7F1A374D21002CE350 /* Sources */,
				932C7A801A374D21002CE350 /* Frameworks */,
				932C7A811A374D21002CE350 /* Resources */,
			);
			buildRules = (
			);
			dependencies = (
			);
			name = MACustomShapeView;
			productName = MACustomShapeView;
			productReference = 932C7A831A374D21002CE350 /* MACustomShapeView.app */;
			productType = "com.apple.product-type.application";
		};
		932C7A9B1A374D22002CE350 /* MACustomShapeViewTests */ = {
			isa = PBXNativeTarget;
			buildConfigurationList = 932C7AA91A374D22002CE350 /* Build configuration list for PBXNativeTarget "MACustomShapeViewTests" */;
			buildPhases = (
				932C7A981A374D22002CE350 /* Sources */,
				932C7A991A374D22002CE350 /* Frameworks */,
				932C7A9A1A374D22002CE350 /* Resources */,
			);
			buildRules = (
			);
			dependencies = (
				932C7A9E1A374D22002CE350 /* PBXTargetDependency */,
			);
			name = MACustomShapeViewTests;
			productName = MACustomShapeViewTests;
			productReference = 932C7A9C1A374D22002CE350 /* MACustomShapeViewTests.xctest */;
			productType = "com.apple.product-type.bundle.unit-test";
		};
/* End PBXNativeTarget section */

/* Begin PBXProject section */
		932C7A7B1A374D21002CE350 /* Project object */ = {
			isa = PBXProject;
			attributes = {
				LastUpgradeCheck = 0610;
				ORGANIZATIONNAME = "Madalina Ardelean";
				TargetAttributes = {
					932C7A821A374D21002CE350 = {
						CreatedOnToolsVersion = 6.1;
					};
					932C7A9B1A374D22002CE350 = {
						CreatedOnToolsVersion = 6.1;
						TestTargetID = 932C7A821A374D21002CE350;
					};
				};
			};
			buildConfigurationList = 932C7A7E1A374D21002CE350 /* Build configuration list for PBXProject "MACustomShapeView" */;
			compatibilityVersion = "Xcode 3.2";
			developmentRegion = English;
			hasScannedForEncodings = 0;
			knownRegions = (
				en,
				Base,
			);
			mainGroup = 932C7A7A1A374D21002CE350;
			productRefGroup = 932C7A841A374D21002CE350 /* Products */;
			projectDirPath = "";
			projectRoot = "";
			targets = (
				932C7A821A374D21002CE350 /* MACustomShapeView */,
				932C7A9B1A374D22002CE350 /* MACustomShapeViewTests */,
			);
		};
/* End PBXProject section */

/* Begin PBXResourcesBuildPhase section */
		932C7A811A374D21002CE350 /* Resources */ = {
			isa = PBXResourcesBuildPhase;
			buildActionMask = 2147483647;
			files = (
				932C7A941A374D21002CE350 /* Images.xcassets in Resources */,
			);
			runOnlyForDeploymentPostprocessing = 0;
		};
		932C7A9A1A374D22002CE350 /* Resources */ = {
			isa = PBXResourcesBuildPhase;
			buildActionMask = 2147483647;
			files = (
			);
			runOnlyForDeploymentPostprocessing = 0;
		};
/* End PBXResourcesBuildPhase section */

/* Begin PBXSourcesBuildPhase section */
		932C7A7F1A374D21002CE350 /* Sources */ = {
			isa = PBXSourcesBuildPhase;
			buildActionMask = 2147483647;
			files = (
				932C7A8C1A374D21002CE350 /* AppDelegate.m in Sources */,
				932C7A891A374D21002CE350 /* main.m in Sources */,
				93BAB1261A3CA0A60035AFD8 /* MAPuzzleShapeView.m in Sources */,
				93BAB1291A3CA0B10035AFD8 /* MADemoViewController.m in Sources */,
			);
			runOnlyForDeploymentPostprocessing = 0;
		};
		932C7A981A374D22002CE350 /* Sources */ = {
			isa = PBXSourcesBuildPhase;
			buildActionMask = 2147483647;
			files = (
				932C7AA31A374D22002CE350 /* MACustomShapeViewTests.m in Sources */,
			);
			runOnlyForDeploymentPostprocessing = 0;
		};
/* End PBXSourcesBuildPhase section */

/* Begin PBXTargetDependency section */
		932C7A9E1A374D22002CE350 /* PBXTargetDependency */ = {
			isa = PBXTargetDependency;
			target = 932C7A821A374D21002CE350 /* MACustomShapeView */;
			targetProxy = 932C7A9D1A374D22002CE350 /* PBXContainerItemProxy */;
		};
/* End PBXTargetDependency section */

/* Begin XCBuildConfiguration section */
		932C7AA41A374D22002CE350 /* Debug */ = {
			isa = XCBuildConfiguration;
			buildSettings = {
				ALWAYS_SEARCH_USER_PATHS = NO;
				CLANG_CXX_LANGUAGE_STANDARD = "gnu++0x";
				CLANG_CXX_LIBRARY = "libc++";
				CLANG_ENABLE_MODULES = YES;
				CLANG_ENABLE_OBJC_ARC = YES;
				CLANG_WARN_BOOL_CONVERSION = YES;
				CLANG_WARN_CONSTANT_CONVERSION = YES;
				CLANG_WARN_DIRECT_OBJC_ISA_USAGE = YES_ERROR;
				CLANG_WARN_EMPTY_BODY = YES;
				CLANG_WARN_ENUM_CONVERSION = YES;
				CLANG_WARN_INT_CONVERSION = YES;
				CLANG_WARN_OBJC_ROOT_CLASS = YES_ERROR;
				CLANG_WARN_UNREACHABLE_CODE = YES;
				CLANG_WARN__DUPLICATE_METHOD_MATCH = YES;
				"CODE_SIGN_IDENTITY[sdk=iphoneos*]" = "iPhone Developer";
				COPY_PHASE_STRIP = NO;
				ENABLE_STRICT_OBJC_MSGSEND = YES;
				GCC_C_LANGUAGE_STANDARD = gnu99;
				GCC_DYNAMIC_NO_PIC = NO;
				GCC_OPTIMIZATION_LEVEL = 0;
				GCC_PREFIX_HEADER = "MACustomShapeView/MACustomShapeView-prefix.pch";
				GCC_PREPROCESSOR_DEFINITIONS = (
					"DEBUG=1",
					"$(inherited)",
				);
				GCC_SYMBOLS_PRIVATE_EXTERN = NO;
				GCC_WARN_64_TO_32_BIT_CONVERSION = YES;
				GCC_WARN_ABOUT_RETURN_TYPE = YES_ERROR;
				GCC_WARN_UNDECLARED_SELECTOR = YES;
				GCC_WARN_UNINITIALIZED_AUTOS = YES_AGGRESSIVE;
				GCC_WARN_UNUSED_FUNCTION = YES;
				GCC_WARN_UNUSED_VARIABLE = YES;
				IPHONEOS_DEPLOYMENT_TARGET = 8.1;
				MTL_ENABLE_DEBUG_INFO = YES;
				ONLY_ACTIVE_ARCH = YES;
				SDKROOT = iphoneos;
				TARGETED_DEVICE_FAMILY = "1,2";
			};
			name = Debug;
		};
		932C7AA51A374D22002CE350 /* Release */ = {
			isa = XCBuildConfiguration;
			buildSettings = {
				ALWAYS_SEARCH_USER_PATHS = NO;
				CLANG_CXX_LANGUAGE_STANDARD = "gnu++0x";
				CLANG_CXX_LIBRARY = "libc++";
				CLANG_ENABLE_MODULES = YES;
				CLANG_ENABLE_OBJC_ARC = YES;
				CLANG_WARN_BOOL_CONVERSION = YES;
				CLANG_WARN_CONSTANT_CONVERSION = YES;
				CLANG_WARN_DIRECT_OBJC_ISA_USAGE = YES_ERROR;
				CLANG_WARN_EMPTY_BODY = YES;
				CLANG_WARN_ENUM_CONVERSION = YES;
				CLANG_WARN_INT_CONVERSION = YES;
				CLANG_WARN_OBJC_ROOT_CLASS = YES_ERROR;
				CLANG_WARN_UNREACHABLE_CODE = YES;
				CLANG_WARN__DUPLICATE_METHOD_MATCH = YES;
				"CODE_SIGN_IDENTITY[sdk=iphoneos*]" = "iPhone Developer";
				COPY_PHASE_STRIP = YES;
				ENABLE_NS_ASSERTIONS = NO;
				ENABLE_STRICT_OBJC_MSGSEND = YES;
				GCC_C_LANGUAGE_STANDARD = gnu99;
				GCC_PREFIX_HEADER = "MACustomShapeView/MACustomShapeView-prefix.pch";
				GCC_WARN_64_TO_32_BIT_CONVERSION = YES;
				GCC_WARN_ABOUT_RETURN_TYPE = YES_ERROR;
				GCC_WARN_UNDECLARED_SELECTOR = YES;
				GCC_WARN_UNINITIALIZED_AUTOS = YES_AGGRESSIVE;
				GCC_WARN_UNUSED_FUNCTION = YES;
				GCC_WARN_UNUSED_VARIABLE = YES;
				IPHONEOS_DEPLOYMENT_TARGET = 8.1;
				MTL_ENABLE_DEBUG_INFO = NO;
				SDKROOT = iphoneos;
				TARGETED_DEVICE_FAMILY = "1,2";
				VALIDATE_PRODUCT = YES;
			};
			name = Release;
		};
		932C7AA71A374D22002CE350 /* Debug */ = {
			isa = XCBuildConfiguration;
			buildSettings = {
				ASSETCATALOG_COMPILER_APPICON_NAME = AppIcon;
				INFOPLIST_FILE = MACustomShapeView/Info.plist;
				LD_RUNPATH_SEARCH_PATHS = "$(inherited) @executable_path/Frameworks";
				PRODUCT_NAME = "$(TARGET_NAME)";
			};
			name = Debug;
		};
		932C7AA81A374D22002CE350 /* Release */ = {
			isa = XCBuildConfiguration;
			buildSettings = {
				ASSETCATALOG_COMPILER_APPICON_NAME = AppIcon;
				INFOPLIST_FILE = MACustomShapeView/Info.plist;
				LD_RUNPATH_SEARCH_PATHS = "$(inherited) @executable_path/Frameworks";
				PRODUCT_NAME = "$(TARGET_NAME)";
			};
			name = Release;
		};
		932C7AAA1A374D22002CE350 /* Debug */ = {
			isa = XCBuildConfiguration;
			buildSettings = {
				BUNDLE_LOADER = "$(TEST_HOST)";
				FRAMEWORK_SEARCH_PATHS = (
					"$(SDKROOT)/Developer/Library/Frameworks",
					"$(inherited)",
				);
				GCC_PREFIX_HEADER = "";
				GCC_PREPROCESSOR_DEFINITIONS = (
					"DEBUG=1",
					"$(inherited)",
				);
				INFOPLIST_FILE = MACustomShapeViewTests/Info.plist;
				LD_RUNPATH_SEARCH_PATHS = "$(inherited) @executable_path/Frameworks @loader_path/Frameworks";
				PRODUCT_NAME = "$(TARGET_NAME)";
				TEST_HOST = "$(BUILT_PRODUCTS_DIR)/MACustomShapeView.app/MACustomShapeView";
			};
			name = Debug;
		};
		932C7AAB1A374D22002CE350 /* Release */ = {
			isa = XCBuildConfiguration;
			buildSettings = {
				BUNDLE_LOADER = "$(TEST_HOST)";
				FRAMEWORK_SEARCH_PATHS = (
					"$(SDKROOT)/Developer/Library/Frameworks",
					"$(inherited)",
				);
				GCC_PREFIX_HEADER = "";
				INFOPLIST_FILE = MACustomShapeViewTests/Info.plist;
				LD_RUNPATH_SEARCH_PATHS = "$(inherited) @executable_path/Frameworks @loader_path/Frameworks";
				PRODUCT_NAME = "$(TARGET_NAME)";
				TEST_HOST = "$(BUILT_PRODUCTS_DIR)/MACustomShapeView.app/MACustomShapeView";
			};
			name = Release;
		};
/* End XCBuildConfiguration section */

/* Begin XCConfigurationList section */
		932C7A7E1A374D21002CE350 /* Build configuration list for PBXProject "MACustomShapeView" */ = {
			isa = XCConfigurationList;
			buildConfigurations = (
				932C7AA41A374D22002CE350 /* Debug */,
				932C7AA51A374D22002CE350 /* Release */,
			);
			defaultConfigurationIsVisible = 0;
			defaultConfigurationName = Release;
		};
		932C7AA61A374D22002CE350 /* Build configuration list for PBXNativeTarget "MACustomShapeView" */ = {
			isa = XCConfigurationList;
			buildConfigurations = (
				932C7AA71A374D22002CE350 /* Debug */,
				932C7AA81A374D22002CE350 /* Release */,
			);
			defaultConfigurationIsVisible = 0;
			defaultConfigurationName = Release;
		};
		932C7AA91A374D22002CE350 /* Build configuration list for PBXNativeTarget "MACustomShapeViewTests" */ = {
			isa = XCConfigurationList;
			buildConfigurations = (
				932C7AAA1A374D22002CE350 /* Debug */,
				932C7AAB1A374D22002CE350 /* Release */,
			);
			defaultConfigurationIsVisible = 0;
			defaultConfigurationName = Release;
		};
/* End XCConfigurationList section */
	};
	rootObject = 932C7A7B1A374D21002CE350 /* Project object */;
}
